# This file is automatically @generated by Cargo.
# It is not intended for manual editing.
[[package]]
name = "addr2line"
version = "0.13.0"
source = "registry+https://github.com/rust-lang/crates.io-index"
dependencies = [
 "gimli 0.22.0 (registry+https://github.com/rust-lang/crates.io-index)",
]

[[package]]
name = "adler"
version = "0.2.3"
source = "registry+https://github.com/rust-lang/crates.io-index"

[[package]]
name = "argparse"
version = "0.2.2"
source = "registry+https://github.com/rust-lang/crates.io-index"

[[package]]
name = "autocfg"
version = "1.0.1"
source = "registry+https://github.com/rust-lang/crates.io-index"

[[package]]
name = "backtrace"
version = "0.3.53"
source = "registry+https://github.com/rust-lang/crates.io-index"
dependencies = [
 "addr2line 0.13.0 (registry+https://github.com/rust-lang/crates.io-index)",
 "cfg-if 1.0.0 (registry+https://github.com/rust-lang/crates.io-index)",
 "libc 0.2.80 (registry+https://github.com/rust-lang/crates.io-index)",
 "miniz_oxide 0.4.3 (registry+https://github.com/rust-lang/crates.io-index)",
 "object 0.21.1 (registry+https://github.com/rust-lang/crates.io-index)",
 "rustc-demangle 0.1.18 (registry+https://github.com/rust-lang/crates.io-index)",
]

[[package]]
name = "bitflags"
version = "1.2.1"
source = "registry+https://github.com/rust-lang/crates.io-index"

[[package]]
name = "cc"
version = "1.0.61"
source = "registry+https://github.com/rust-lang/crates.io-index"

[[package]]
name = "cfg-if"
version = "0.1.10"
source = "registry+https://github.com/rust-lang/crates.io-index"

[[package]]
name = "cfg-if"
version = "1.0.0"
source = "registry+https://github.com/rust-lang/crates.io-index"

[[package]]
name = "cloudabi"
version = "0.1.0"
source = "registry+https://github.com/rust-lang/crates.io-index"
dependencies = [
 "bitflags 1.2.1 (registry+https://github.com/rust-lang/crates.io-index)",
]

[[package]]
name = "cntr"
version = "1.3.0"
dependencies = [
 "argparse 0.2.2 (registry+https://github.com/rust-lang/crates.io-index)",
 "cntr-fuse 0.4.0 (registry+https://github.com/rust-lang/crates.io-index)",
 "concurrent-hashmap 0.2.2 (registry+https://github.com/rust-lang/crates.io-index)",
 "cpuprofiler 0.0.4 (registry+https://github.com/rust-lang/crates.io-index)",
 "libc 0.2.80 (registry+https://github.com/rust-lang/crates.io-index)",
 "log 0.4.11 (registry+https://github.com/rust-lang/crates.io-index)",
 "nix 0.19.0 (registry+https://github.com/rust-lang/crates.io-index)",
 "parking_lot 0.11.0 (registry+https://github.com/rust-lang/crates.io-index)",
]

[[package]]
name = "cntr-fuse"
version = "0.4.0"
source = "registry+https://github.com/rust-lang/crates.io-index"
dependencies = [
 "cntr-fuse-abi 0.4.0 (registry+https://github.com/rust-lang/crates.io-index)",
 "cntr-fuse-sys 0.4.0 (registry+https://github.com/rust-lang/crates.io-index)",
 "libc 0.2.80 (registry+https://github.com/rust-lang/crates.io-index)",
 "log 0.4.11 (registry+https://github.com/rust-lang/crates.io-index)",
]

[[package]]
name = "cntr-fuse-abi"
version = "0.4.0"
source = "registry+https://github.com/rust-lang/crates.io-index"

[[package]]
name = "cntr-fuse-sys"
version = "0.4.0"
source = "registry+https://github.com/rust-lang/crates.io-index"
dependencies = [
 "pkg-config 0.3.19 (registry+https://github.com/rust-lang/crates.io-index)",
]

[[package]]
name = "concurrent-hashmap"
version = "0.2.2"
source = "registry+https://github.com/rust-lang/crates.io-index"
dependencies = [
 "spin 0.4.10 (registry+https://github.com/rust-lang/crates.io-index)",
]

[[package]]
name = "cpuprofiler"
version = "0.0.4"
source = "registry+https://github.com/rust-lang/crates.io-index"
dependencies = [
 "error-chain 0.12.4 (registry+https://github.com/rust-lang/crates.io-index)",
 "lazy_static 1.4.0 (registry+https://github.com/rust-lang/crates.io-index)",
 "pkg-config 0.3.19 (registry+https://github.com/rust-lang/crates.io-index)",
]

[[package]]
name = "error-chain"
version = "0.12.4"
source = "registry+https://github.com/rust-lang/crates.io-index"
dependencies = [
 "backtrace 0.3.53 (registry+https://github.com/rust-lang/crates.io-index)",
 "version_check 0.9.2 (registry+https://github.com/rust-lang/crates.io-index)",
]

[[package]]
name = "gimli"
version = "0.22.0"
source = "registry+https://github.com/rust-lang/crates.io-index"

[[package]]
name = "instant"
version = "0.1.8"
source = "registry+https://github.com/rust-lang/crates.io-index"
dependencies = [
 "cfg-if 1.0.0 (registry+https://github.com/rust-lang/crates.io-index)",
]

[[package]]
name = "lazy_static"
version = "1.4.0"
source = "registry+https://github.com/rust-lang/crates.io-index"

[[package]]
name = "libc"
version = "0.2.80"
source = "registry+https://github.com/rust-lang/crates.io-index"

[[package]]
name = "lock_api"
version = "0.4.1"
source = "registry+https://github.com/rust-lang/crates.io-index"
dependencies = [
 "scopeguard 1.1.0 (registry+https://github.com/rust-lang/crates.io-index)",
]

[[package]]
name = "log"
version = "0.4.11"
source = "registry+https://github.com/rust-lang/crates.io-index"
dependencies = [
 "cfg-if 0.1.10 (registry+https://github.com/rust-lang/crates.io-index)",
]

[[package]]
name = "miniz_oxide"
version = "0.4.3"
source = "registry+https://github.com/rust-lang/crates.io-index"
dependencies = [
 "adler 0.2.3 (registry+https://github.com/rust-lang/crates.io-index)",
 "autocfg 1.0.1 (registry+https://github.com/rust-lang/crates.io-index)",
]

[[package]]
name = "nix"
version = "0.19.0"
source = "registry+https://github.com/rust-lang/crates.io-index"
dependencies = [
 "bitflags 1.2.1 (registry+https://github.com/rust-lang/crates.io-index)",
 "cc 1.0.61 (registry+https://github.com/rust-lang/crates.io-index)",
 "cfg-if 0.1.10 (registry+https://github.com/rust-lang/crates.io-index)",
 "libc 0.2.80 (registry+https://github.com/rust-lang/crates.io-index)",
]

[[package]]
name = "object"
version = "0.21.1"
source = "registry+https://github.com/rust-lang/crates.io-index"

[[package]]
name = "parking_lot"
version = "0.11.0"
source = "registry+https://github.com/rust-lang/crates.io-index"
dependencies = [
 "instant 0.1.8 (registry+https://github.com/rust-lang/crates.io-index)",
 "lock_api 0.4.1 (registry+https://github.com/rust-lang/crates.io-index)",
 "parking_lot_core 0.8.0 (registry+https://github.com/rust-lang/crates.io-index)",
]

[[package]]
name = "parking_lot_core"
version = "0.8.0"
source = "registry+https://github.com/rust-lang/crates.io-index"
dependencies = [
 "cfg-if 0.1.10 (registry+https://github.com/rust-lang/crates.io-index)",
 "cloudabi 0.1.0 (registry+https://github.com/rust-lang/crates.io-index)",
 "instant 0.1.8 (registry+https://github.com/rust-lang/crates.io-index)",
 "libc 0.2.80 (registry+https://github.com/rust-lang/crates.io-index)",
 "redox_syscall 0.1.57 (registry+https://github.com/rust-lang/crates.io-index)",
 "smallvec 1.4.2 (registry+https://github.com/rust-lang/crates.io-index)",
 "winapi 0.3.9 (registry+https://github.com/rust-lang/crates.io-index)",
]

[[package]]
name = "pkg-config"
version = "0.3.19"
source = "registry+https://github.com/rust-lang/crates.io-index"

[[package]]
name = "redox_syscall"
version = "0.1.57"
source = "registry+https://github.com/rust-lang/crates.io-index"

[[package]]
name = "rustc-demangle"
version = "0.1.18"
source = "registry+https://github.com/rust-lang/crates.io-index"

[[package]]
name = "scopeguard"
version = "1.1.0"
source = "registry+https://github.com/rust-lang/crates.io-index"

[[package]]
name = "smallvec"
version = "1.4.2"
source = "registry+https://github.com/rust-lang/crates.io-index"

[[package]]
name = "spin"
version = "0.4.10"
source = "registry+https://github.com/rust-lang/crates.io-index"

[[package]]
name = "version_check"
version = "0.9.2"
source = "registry+https://github.com/rust-lang/crates.io-index"

[[package]]
name = "winapi"
version = "0.3.9"
source = "registry+https://github.com/rust-lang/crates.io-index"
dependencies = [
 "winapi-i686-pc-windows-gnu 0.4.0 (registry+https://github.com/rust-lang/crates.io-index)",
 "winapi-x86_64-pc-windows-gnu 0.4.0 (registry+https://github.com/rust-lang/crates.io-index)",
]

[[package]]
name = "winapi-i686-pc-windows-gnu"
version = "0.4.0"
source = "registry+https://github.com/rust-lang/crates.io-index"

[[package]]
name = "winapi-x86_64-pc-windows-gnu"
version = "0.4.0"
source = "registry+https://github.com/rust-lang/crates.io-index"

[metadata]
"checksum addr2line 0.13.0 (registry+https://github.com/rust-lang/crates.io-index)" = "1b6a2d3371669ab3ca9797670853d61402b03d0b4b9ebf33d677dfa720203072"
"checksum adler 0.2.3 (registry+https://github.com/rust-lang/crates.io-index)" = "ee2a4ec343196209d6594e19543ae87a39f96d5534d7174822a3ad825dd6ed7e"
"checksum argparse 0.2.2 (registry+https://github.com/rust-lang/crates.io-index)" = "3f8ebf5827e4ac4fd5946560e6a99776ea73b596d80898f357007317a7141e47"
"checksum autocfg 1.0.1 (registry+https://github.com/rust-lang/crates.io-index)" = "cdb031dd78e28731d87d56cc8ffef4a8f36ca26c38fe2de700543e627f8a464a"
"checksum backtrace 0.3.53 (registry+https://github.com/rust-lang/crates.io-index)" = "707b586e0e2f247cbde68cdd2c3ce69ea7b7be43e1c5b426e37c9319c4b9838e"
"checksum bitflags 1.2.1 (registry+https://github.com/rust-lang/crates.io-index)" = "cf1de2fe8c75bc145a2f577add951f8134889b4795d47466a54a5c846d691693"
"checksum cc 1.0.61 (registry+https://github.com/rust-lang/crates.io-index)" = "ed67cbde08356238e75fc4656be4749481eeffb09e19f320a25237d5221c985d"
"checksum cfg-if 0.1.10 (registry+https://github.com/rust-lang/crates.io-index)" = "4785bdd1c96b2a846b2bd7cc02e86b6b3dbf14e7e53446c4f54c92a361040822"
"checksum cfg-if 1.0.0 (registry+https://github.com/rust-lang/crates.io-index)" = "baf1de4339761588bc0619e3cbc0120ee582ebb74b53b4efbf79117bd2da40fd"
"checksum cloudabi 0.1.0 (registry+https://github.com/rust-lang/crates.io-index)" = "4344512281c643ae7638bbabc3af17a11307803ec8f0fcad9fae512a8bf36467"
"checksum cntr-fuse 0.4.0 (registry+https://github.com/rust-lang/crates.io-index)" = "18aade3cdc06f81ad887ceda79055d7e3d755871f69c95f7d294efc38833f5c0"
"checksum cntr-fuse-abi 0.4.0 (registry+https://github.com/rust-lang/crates.io-index)" = "34c51ee584968575df4aaa084964d9d43f2f2945bb2c0f043035e7c8e0da82dc"
"checksum cntr-fuse-sys 0.4.0 (registry+https://github.com/rust-lang/crates.io-index)" = "8ae3892895a649be4477b275deeca4a4f5e64f31c7986eb3dab81d6cfa88491a"
"checksum concurrent-hashmap 0.2.2 (registry+https://github.com/rust-lang/crates.io-index)" = "9b497d3441e4e31ef52273f344aacf0a24d28a353837451a45df9b3e9cf7d44a"
"checksum cpuprofiler 0.0.4 (registry+https://github.com/rust-lang/crates.io-index)" = "43f8479dbcfd2bbaa0c0c26779b913052b375981cdf533091f2127ea3d42e52b"
"checksum error-chain 0.12.4 (registry+https://github.com/rust-lang/crates.io-index)" = "2d2f06b9cac1506ece98fe3231e3cc9c4410ec3d5b1f24ae1c8946f0742cdefc"
"checksum gimli 0.22.0 (registry+https://github.com/rust-lang/crates.io-index)" = "aaf91faf136cb47367fa430cd46e37a788775e7fa104f8b4bcb3861dc389b724"
"checksum instant 0.1.8 (registry+https://github.com/rust-lang/crates.io-index)" = "cb1fc4429a33e1f80d41dc9fea4d108a88bec1de8053878898ae448a0b52f613"
"checksum lazy_static 1.4.0 (registry+https://github.com/rust-lang/crates.io-index)" = "e2abad23fbc42b3700f2f279844dc832adb2b2eb069b2df918f455c4e18cc646"
"checksum libc 0.2.80 (registry+https://github.com/rust-lang/crates.io-index)" = "4d58d1b70b004888f764dfbf6a26a3b0342a1632d33968e4a179d8011c760614"
"checksum lock_api 0.4.1 (registry+https://github.com/rust-lang/crates.io-index)" = "28247cc5a5be2f05fbcd76dd0cf2c7d3b5400cb978a28042abcd4fa0b3f8261c"
"checksum log 0.4.11 (registry+https://github.com/rust-lang/crates.io-index)" = "4fabed175da42fed1fa0746b0ea71f412aa9d35e76e95e59b192c64b9dc2bf8b"
"checksum miniz_oxide 0.4.3 (registry+https://github.com/rust-lang/crates.io-index)" = "0f2d26ec3309788e423cfbf68ad1800f061638098d76a83681af979dc4eda19d"
"checksum nix 0.19.0 (registry+https://github.com/rust-lang/crates.io-index)" = "85db2feff6bf70ebc3a4793191517d5f0331100a2f10f9bf93b5e5214f32b7b7"
"checksum object 0.21.1 (registry+https://github.com/rust-lang/crates.io-index)" = "37fd5004feb2ce328a52b0b3d01dbf4ffff72583493900ed15f22d4111c51693"
"checksum parking_lot 0.11.0 (registry+https://github.com/rust-lang/crates.io-index)" = "a4893845fa2ca272e647da5d0e46660a314ead9c2fdd9a883aabc32e481a8733"
"checksum parking_lot_core 0.8.0 (registry+https://github.com/rust-lang/crates.io-index)" = "c361aa727dd08437f2f1447be8b59a33b0edd15e0fcee698f935613d9efbca9b"
"checksum pkg-config 0.3.19 (registry+https://github.com/rust-lang/crates.io-index)" = "3831453b3449ceb48b6d9c7ad7c96d5ea673e9b470a1dc578c2ce6521230884c"
"checksum redox_syscall 0.1.57 (registry+https://github.com/rust-lang/crates.io-index)" = "41cc0f7e4d5d4544e8861606a285bb08d3e70712ccc7d2b84d7c0ccfaf4b05ce"
"checksum rustc-demangle 0.1.18 (registry+https://github.com/rust-lang/crates.io-index)" = "6e3bad0ee36814ca07d7968269dd4b7ec89ec2da10c4bb613928d3077083c232"
"checksum scopeguard 1.1.0 (registry+https://github.com/rust-lang/crates.io-index)" = "d29ab0c6d3fc0ee92fe66e2d99f700eab17a8d57d1c1d3b748380fb20baa78cd"
"checksum smallvec 1.4.2 (registry+https://github.com/rust-lang/crates.io-index)" = "fbee7696b84bbf3d89a1c2eccff0850e3047ed46bfcd2e92c29a2d074d57e252"
"checksum spin 0.4.10 (registry+https://github.com/rust-lang/crates.io-index)" = "ceac490aa12c567115b40b7b7fceca03a6c9d53d5defea066123debc83c5dc1f"
"checksum version_check 0.9.2 (registry+https://github.com/rust-lang/crates.io-index)" = "b5a972e5669d67ba988ce3dc826706fb0a8b01471c088cb0b6110b805cc36aed"
"checksum winapi 0.3.9 (registry+https://github.com/rust-lang/crates.io-index)" = "5c839a674fcd7a98952e593242ea400abe93992746761e38641405d28b00f419"
"checksum winapi-i686-pc-windows-gnu 0.4.0 (registry+https://github.com/rust-lang/crates.io-index)" = "ac3b87c63620426dd9b991e5ce0329eff545bccbbb34f3be09ff6fb6ab51b7b6"
"checksum winapi-x86_64-pc-windows-gnu 0.4.0 (registry+https://github.com/rust-lang/crates.io-index)" = "712e227841d057c1ee1cd2fb22fa7e5a5461ae8e48fa2ca79ec42cfc1931183f"
